// !$*UTF8*$!
{
	archiveVersion = 1;
	classes = {
	};
	objectVersion = 46;
	objects = {

/* Begin PBXBuildFile section */
		C142422552B21ED58E72DD8E /* main.m in Sources */ = {isa = PBXBuildFile; fileRef = C14240C04A5BE2E020353056 /* main.m */; };
		C1424E7094EB7C02C18CD18B /* Bot.m in Sources */ = {isa = PBXBuildFile; fileRef = C14244E2C3160736E1FF2E2E /* Bot.m */; };
/* End PBXBuildFile section */

/* Begin PBXCopyFilesBuildPhase section */
		C142431D7963CC1BE3643293 /* CopyFiles */ = {
			isa = PBXCopyFilesBuildPhase;
			buildActionMask = 2147483647;
			dstPath = /usr/share/man/man1/;
			dstSubfolderSpec = 0;
			files = (
			);
			runOnlyForDeploymentPostprocessing = 1;
		};
/* End PBXCopyFilesBuildPhase section */

/* Begin PBXFileReference section */
		C14240C04A5BE2E020353056 /* main.m */ = {isa = PBXFileReference; lastKnownFileType = sourcecode.c.objc; path = main.m; sourceTree = "<group>"; };
		C14243B70B5804AE2AB76069 /* puzzle_input.txt */ = {isa = PBXFileReference; fileEncoding = 4; lastKnownFileType = text; path = puzzle_input.txt; sourceTree = "<group>"; };
		C14243C01CFC7BAE4CA1BBD2 /* balancebots */ = {isa = PBXFileReference; explicitFileType = "compiled.mach-o.executable"; includeInIndex = 0; path = balancebots; sourceTree = BUILT_PRODUCTS_DIR; };
		C14244E2C3160736E1FF2E2E /* Bot.m */ = {isa = PBXFileReference; fileEncoding = 4; lastKnownFileType = sourcecode.c.objc; path = Bot.m; sourceTree = "<group>"; };
		C1424DC0CB51BB42FD5226A2 /* Bot.h */ = {isa = PBXFileReference; fileEncoding = 4; lastKnownFileType = sourcecode.c.h; path = Bot.h; sourceTree = "<group>"; };
/* End PBXFileReference section */

/* Begin PBXFrameworksBuildPhase section */
		C1424C952BB05F54C2D7DC37 /* Frameworks */ = {
			isa = PBXFrameworksBuildPhase;
			buildActionMask = 2147483647;
			files = (
			);
			runOnlyForDeploymentPostprocessing = 0;
		};
/* End PBXFrameworksBuildPhase section */

/* Begin PBXGroup section */
		C142465C6176997D831537FE = {
			isa = PBXGroup;
			children = (
				C1424BCBD4F4B968184091ED /* Products */,
				C1424684795DCEC178F2B4B6 /* balancebots */,
			);
			sourceTree = "<group>";
		};
		C1424684795DCEC178F2B4B6 /* balancebots */ = {
			isa = PBXGroup;
			children = (
				C14240C04A5BE2E020353056 /* main.m */,
				C14243B70B5804AE2AB76069 /* puzzle_input.txt */,
				C14244E2C3160736E1FF2E2E /* Bot.m */,
				C1424DC0CB51BB42FD5226A2 /* Bot.h */,
			);
			path = balancebots;
			sourceTree = "<group>";
		};
		C1424BCBD4F4B968184091ED /* Products */ = {
			isa = PBXGroup;
			children = (
				C14243C01CFC7BAE4CA1BBD2 /* balancebots */,
			);
			name = Products;
			sourceTree = "<group>";
		};
/* End PBXGroup section */

/* Begin PBXNativeTarget section */
		C1424F54EFC463131EDED632 /* balancebots */ = {
			isa = PBXNativeTarget;
			buildConfigurationList = C14246610942333B474BEC27 /* Build configuration list for PBXNativeTarget "balancebots" */;
			buildPhases = (
				C14241E8037C3DE461E5058D /* Sources */,
				C1424C952BB05F54C2D7DC37 /* Frameworks */,
				C142431D7963CC1BE3643293 /* CopyFiles */,
			);
			buildRules = (
			);
			dependencies = (
			);
			name = balancebots;
			productName = balancebots;
			productReference = C14243C01CFC7BAE4CA1BBD2 /* balancebots */;
			productType = "com.apple.product-type.tool";
		};
/* End PBXNativeTarget section */

/* Begin PBXProject section */
		C14247D79CBB732C191E0FBC /* Project object */ = {
			isa = PBXProject;
			attributes = {
				ORGANIZATIONNAME = "Nathan Reline";
			};
			buildConfigurationList = C1424210E9D6937ADABBD0F7 /* Build configuration list for PBXProject "balancebots" */;
			compatibilityVersion = "Xcode 3.2";
			developmentRegion = English;
			hasScannedForEncodings = 0;
			knownRegions = (
				en,
			);
			mainGroup = C142465C6176997D831537FE;
			productRefGroup = C1424BCBD4F4B968184091ED /* Products */;
			projectDirPath = "";
			projectRoot = "";
			targets = (
				C1424F54EFC463131EDED632 /* balancebots */,
			);
		};
/* End PBXProject section */

/* Begin PBXSourcesBuildPhase section */
		C14241E8037C3DE461E5058D /* Sources */ = {
			isa = PBXSourcesBuildPhase;
			buildActionMask = 2147483647;
			files = (
				C142422552B21ED58E72DD8E /* main.m in Sources */,
				C1424E7094EB7C02C18CD18B /* Bot.m in Sources */,
			);
			runOnlyForDeploymentPostprocessing = 0;
		};
/* End PBXSourcesBuildPhase section */

/* Begin XCBuildConfiguration section */
		C142451C7771A97893769612 /* Release */ = {
			isa = XCBuildConfiguration;
			buildSettings = {
				ALWAYS_SEARCH_USER_PATHS = NO;
				CLANG_ANALYZER_NONNULL = YES;
				CLANG_CXX_LANGUAGE_STANDARD = "gnu++0x";
				CLANG_CXX_LIBRARY = "libc++";
				CLANG_ENABLE_MODULES = YES;
				CLANG_ENABLE_OBJC_ARC = YES;
				CLANG_WARN_BOOL_CONVERSION = YES;
				CLANG_WARN_CONSTANT_CONVERSION = YES;
				CLANG_WARN_DIRECT_OBJC_ISA_USAGE = YES_ERROR;
				CLANG_WARN_DOCUMENTATION_COMMENTS = YES;
				CLANG_WARN_EMPTY_BODY = YES;
				CLANG_WARN_ENUM_CONVERSION = YES;
				CLANG_WARN_INFINITE_RECURSION = YES;
				CLANG_WARN_INT_CONVERSION = YES;
				CLANG_WARN_OBJC_ROOT_CLASS = YES_ERROR;
				CLANG_WARN_SUSPICIOUS_MOVES = YES;
				CLANG_WARN_UNREACHABLE_CODE = YES;
				CLANG_WARN__DUPLICATE_METHOD_MATCH = YES;
				CODE_SIGN_IDENTITY = "-";
				COPY_PHASE_STRIP = NO;
				DEBUG_INFORMATION_FORMAT = "dwarf-with-dsym";
				ENABLE_NS_ASSERTIONS = NO;
				ENABLE_STRICT_OBJC_MSGSEND = YES;
				GCC_C_LANGUAGE_STANDARD = gnu99;
				GCC_NO_COMMON_BLOCKS = YES;
				GCC_WARN_64_TO_32_BIT_CONVERSION = YES;
				GCC_WARN_ABOUT_RETURN_TYPE = YES_ERROR;
				GCC_WARN_UNDECLARED_SELECTOR = YES;
				GCC_WARN_UNINITIALIZED_AUTOS = YES_AGGRESSIVE;
				GCC_WARN_UNUSED_FUNCTION = YES;
				GCC_WARN_UNUSED_VARIABLE = YES;
				MACOSX_DEPLOYMENT_TARGET = 10.12;
				MTL_ENABLE_DEBUG_INFO = NO;
				SDKROOT = macosx;
			};
			name = Release;
		};
		C14247ABC49608E0BA751342 /* Release */ = {
			isa = XCBuildConfiguration;
			buildSettings = {
				PRODUCT_NAME = "$(TARGET_NAME)";
			};
			name = Release;
		};
		C14248230719D65645F4197E /* Debug */ = {
			isa = XCBuildConfiguration;
			buildSettings = {
				PRODUCT_NAME = "$(TARGET_NAME)";
			};
			name = Debug;
		};
		C1424EA8D22BF7E489BA39B5 /* Debug */ = {
			isa = XCBuildConfiguration;
			buildSettings = {
				ALWAYS_SEARCH_USER_PATHS = NO;
				CLANG_ANALYZER_NONNULL = YES;
				CLANG_CXX_LANGUAGE_STANDARD = "gnu++0x";
				CLANG_CXX_LIBRARY = "libc++";
				CLANG_ENABLE_MODULES = YES;
				CLANG_ENABLE_OBJC_ARC = YES;
				CLANG_WARN_BOOL_CONVERSION = YES;
				CLANG_WARN_CONSTANT_CONVERSION = YES;
				CLANG_WARN_DIRECT_OBJC_ISA_USAGE = YES_ERROR;
				CLANG_WARN_DOCUMENTATION_COMMENTS = YES;
				CLANG_WARN_EMPTY_BODY = YES;
				CLANG_WARN_ENUM_CONVERSION = YES;
				CLANG_WARN_INFINITE_RECURSION = YES;
				CLANG_WARN_INT_CONVERSION = YES;
				CLANG_WARN_OBJC_ROOT_CLASS = YES_ERROR;
				CLANG_WARN_SUSPICIOUS_MOVES = YES;
				CLANG_WARN_UNREACHABLE_CODE = YES;
				CLANG_WARN__DUPLICATE_METHOD_MATCH = YES;
				CODE_SIGN_IDENTITY = "-";
				COPY_PHASE_STRIP = NO;
				DEBUG_INFORMATION_FORMAT = dwarf;
				ENABLE_STRICT_OBJC_MSGSEND = YES;
				ENABLE_TESTABILITY = YES;
				GCC_C_LANGUAGE_STANDARD = gnu99;
				GCC_DYNAMIC_NO_PIC = NO;
				GCC_NO_COMMON_BLOCKS = YES;
				GCC_OPTIMIZATION_LEVEL = 0;
				GCC_PREPROCESSOR_DEFINITIONS = (
					"DEBUG=1",
					"$(inherited)",
				);
				GCC_WARN_64_TO_32_BIT_CONVERSION = YES;
				GCC_WARN_ABOUT_RETURN_TYPE = YES_ERROR;
				GCC_WARN_UNDECLARED_SELECTOR = YES;
				GCC_WARN_UNINITIALIZED_AUTOS = YES_AGGRESSIVE;
				GCC_WARN_UNUSED_FUNCTION = YES;
				GCC_WARN_UNUSED_VARIABLE = YES;
				MACOSX_DEPLOYMENT_TARGET = 10.12;
				MTL_ENABLE_DEBUG_INFO = YES;
				ONLY_ACTIVE_ARCH = YES;
				SDKROOT = macosx;
			};
			name = Debug;
		};
/* End XCBuildConfiguration section */

/* Begin XCConfigurationList section */
		C1424210E9D6937ADABBD0F7 /* Build configuration list for PBXProject "balancebots" */ = {
			isa = XCConfigurationList;
			buildConfigurations = (
				C1424EA8D22BF7E489BA39B5 /* Debug */,
				C142451C7771A97893769612 /* Release */,
			);
			defaultConfigurationIsVisible = 0;
			defaultConfigurationName = Release;
		};
		C14246610942333B474BEC27 /* Build configuration list for PBXNativeTarget "balancebots" */ = {
			isa = XCConfigurationList;
			buildConfigurations = (
				C14248230719D65645F4197E /* Debug */,
				C14247ABC49608E0BA751342 /* Release */,
			);
			defaultConfigurationIsVisible = 0;
		};
/* End XCConfigurationList section */
	};
	rootObject = C14247D79CBB732C191E0FBC /* Project object */;
}
